
Microsoft Visual Studio Solution File, Format Version 12.00
# Visual Studio 15
VisualStudioVersion = 15.0.26730.16
MinimumVisualStudioVersion = 10.0.40219.1
Project("{FAE04EC0-301F-11D3-BF4B-00C04F79EFBC}") = "XLY.SF.Shell", "XLY.SF.Shell.csproj", "{763F8B72-B80A-4C16-805B-80B2B2B557D4}"
EndProject
Project("{2150E333-8FDC-42A3-9474-1A3956D46DE8}") = "01.Framework", "01.Framework", "{8E7F3A9A-3F6D-46FE-B513-32499ECC2013}"
EndProject
Project("{2150E333-8FDC-42A3-9474-1A3956D46DE8}") = "11.Service", "11.Service", "{8B90DC05-45A6-42C8-8F0D-C0CF4433C10F}"
EndProject
Project("{2150E333-8FDC-42A3-9474-1A3956D46DE8}") = "21.Presentation", "21.Presentation", "{D69DACFD-97D4-43B4-A04E-E91B1B3249C5}"
EndProject
Project("{2150E333-8FDC-42A3-9474-1A3956D46DE8}") = "22.Tools", "22.Tools", "{FDDD33CF-DC4D-4676-9D6F-96D32E0F70BE}"
EndProject
Project("{2150E333-8FDC-42A3-9474-1A3956D46DE8}") = "23.Shell", "23.Shell", "{71EE532A-AAAB-43D8-8768-EEAE80294C6B}"
EndProject
Project("{FAE04EC0-301F-11D3-BF4B-00C04F79EFBC}") = "XLY.SF.Framework.Core.Base", "..\..\01.Framework\XLY.SF.Framework.Core.Base\XLY.SF.Framework.Core.Base.csproj", "{28682FE4-EC72-42A3-BB2C-27D19F55E14F}"
EndProject
Project("{FAE04EC0-301F-11D3-BF4B-00C04F79EFBC}") = "XLY.SF.Framework.Language", "..\..\01.Framework\XLY.SF.Framework.Language\XLY.SF.Framework.Language.csproj", "{95C796FD-57F1-4D2E-927F-4E34EA75E319}"
EndProject
Project("{FAE04EC0-301F-11D3-BF4B-00C04F79EFBC}") = "XLY.SF.Framework.BaseUtility", "..\..\01.Framework\XLY.SF.Framework.BaseUtility\XLY.SF.Framework.BaseUtility.csproj", "{E58B3BAA-0F89-4E6D-B34E-4607DFA8F805}"
EndProject
Project("{FAE04EC0-301F-11D3-BF4B-00C04F79EFBC}") = "XLY.SF.Framework.Log4NetService", "..\..\01.Framework\XLY.SF.Framework.Log4NetService\XLY.SF.Framework.Log4NetService.csproj", "{6E3193B7-7316-415A-B529-0F743D5F267B}"
EndProject
Project("{2150E333-8FDC-42A3-9474-1A3956D46DE8}") = "11.Domains", "11.Domains", "{DC2D804C-7F51-40F6-8751-E3D7416508FF}"
EndProject
Project("{2150E333-8FDC-42A3-9474-1A3956D46DE8}") = "12.Persistable", "12.Persistable", "{FFAF44CB-A10B-470D-915F-D3315E438D5B}"
EndProject
Project("{2150E333-8FDC-42A3-9474-1A3956D46DE8}") = "13.Core", "13.Core", "{BEEA3C0E-16E9-4714-BAC2-84430B7F1E94}"
EndProject
Project("{2150E333-8FDC-42A3-9474-1A3956D46DE8}") = "14.Plugin", "14.Plugin", "{64F16A97-5640-487E-9079-A2F438DB5B0A}"
EndProject
Project("{FAE04EC0-301F-11D3-BF4B-00C04F79EFBC}") = "XLY.SF.Project.Domains", "..\..\11.Service\11.Domains\XLY.SF.Project.Domains\XLY.SF.Project.Domains.csproj", "{68F2D8A3-05A8-4AAA-A9E2-00071188595B}"
EndProject
Project("{FAE04EC0-301F-11D3-BF4B-00C04F79EFBC}") = "XLY.SF.Project.Persistable", "..\..\11.Service\12.Persistable\XLY.SF.Project.Persistable\XLY.SF.Project.Persistable.csproj", "{E65AA84E-A943-4197-8D2B-631A7CD8565E}"
EndProject
Project("{FAE04EC0-301F-11D3-BF4B-00C04F79EFBC}") = "XLY.SF.Project.Services", "..\..\11.Service\13.Core\XLY.SF.Project.Services\XLY.SF.Project.Services.csproj", "{D13C3F48-EA76-4AF7-9519-BAE2E64ABD3F}"
EndProject
Project("{2150E333-8FDC-42A3-9474-1A3956D46DE8}") = "DllService", "DllService", "{6D3ACD13-E792-4B42-9D90-FFCD27FF9E4B}"
EndProject
Project("{FAE04EC0-301F-11D3-BF4B-00C04F79EFBC}") = "DllClient", "..\..\11.Service\13.Core\DllService\DllClient\DllClient.csproj", "{A6CC8605-4108-43ED-987A-DBA25059805B}"
EndProject
Project("{FAE04EC0-301F-11D3-BF4B-00C04F79EFBC}") = "DllServerHost", "..\..\11.Service\13.Core\DllService\DllServerHost\DllServerHost.csproj", "{8FCDB07B-6F81-4C8C-85F9-1BBBBB73C744}"
EndProject
Project("{FAE04EC0-301F-11D3-BF4B-00C04F79EFBC}") = "X64Service", "..\..\11.Service\13.Core\DllService\X64DllService\X64Service\X64Service.csproj", "{CC75B75F-FDED-448F-8AC4-AC5E1E520CC7}"
EndProject
Project("{FAE04EC0-301F-11D3-BF4B-00C04F79EFBC}") = "X86DllServer", "..\..\11.Service\13.Core\DllService\X86DllServer\X86DllServer.csproj", "{766CDC1D-BAA1-4E74-B91B-BCCBEC083219}"
EndProject
Project("{FAE04EC0-301F-11D3-BF4B-00C04F79EFBC}") = "XLY.SF.Project.Devices", "..\..\11.Service\13.Core\XLY.SF.Project.Devices\XLY.SF.Project.Devices.csproj", "{9EB7A2CF-AE03-47EE-B850-88A0FCCDD0BD}"
EndProject
Project("{FAE04EC0-301F-11D3-BF4B-00C04F79EFBC}") = "XLY.SF.Project.DataView", "..\..\11.Service\13.Core\XLY.SF.Project.DataView\XLY.SF.Project.DataView.csproj", "{5F90F3E6-3733-4C74-9D6F-A262A3398AF5}"
EndProject
Project("{FAE04EC0-301F-11D3-BF4B-00C04F79EFBC}") = "XLY.SF.Project.DataPump", "..\..\11.Service\13.Core\XLY.SF.Project.DataPump\XLY.SF.Project.DataPump.csproj", "{90F36552-0B97-41CB-8D2B-BA66225DC3CB}"
EndProject
Project("{FAE04EC0-301F-11D3-BF4B-00C04F79EFBC}") = "XLY.SF.Project.DataMirror", "..\..\11.Service\13.Core\XLY.SF.Project.DataMirror\XLY.SF.Project.DataMirror.csproj", "{9E9B358E-6067-41B9-B986-E58E09210FC5}"
EndProject
Project("{FAE04EC0-301F-11D3-BF4B-00C04F79EFBC}") = "XLY.SF.Project.DataExtract", "..\..\11.Service\13.Core\XLY.SF.Project.DataExtract\XLY.SF.Project.DataExtract.csproj", "{4DB2D5F7-3A3F-4F95-9BF6-434F3D8298B3}"
EndProject
Project("{FAE04EC0-301F-11D3-BF4B-00C04F79EFBC}") = "XLY.SF.Project.Plugin.Adapter", "..\..\11.Service\14.Plugin\XLY.SF.Project.Plugin.Adapter\XLY.SF.Project.Plugin.Adapter.csproj", "{78424848-06CB-4D68-81D2-6338F56AACAD}"
EndProject
Project("{FAE04EC0-301F-11D3-BF4B-00C04F79EFBC}") = "XLY.SF.Project.Plugin.Android", "..\..\11.Service\14.Plugin\XLY.SF.Project.Plugin.Android\XLY.SF.Project.Plugin.Android.csproj", "{A6AC1722-6E18-4D53-8F34-19D32D93854D}"
EndProject
Project("{FAE04EC0-301F-11D3-BF4B-00C04F79EFBC}") = "XLY.SF.Project.Plugin.BlackBerry", "..\..\11.Service\14.Plugin\XLY.SF.Project.Plugin.BlackBerry\XLY.SF.Project.Plugin.BlackBerry.csproj", "{79255AB4-48AA-4E0C-830A-551D505D19FF}"
EndProject
Project("{FAE04EC0-301F-11D3-BF4B-00C04F79EFBC}") = "XLY.SF.Project.Plugin.Cottage", "..\..\11.Service\14.Plugin\XLY.SF.Project.Plugin.Cottage\XLY.SF.Project.Plugin.Cottage.csproj", "{AAB977C9-C35A-48F9-98EA-70DFB266DED0}"
EndProject
Project("{FAE04EC0-301F-11D3-BF4B-00C04F79EFBC}") = "XLY.SF.Project.Plugin.IOS", "..\..\11.Service\14.Plugin\XLY.SF.Project.Plugin.IOS\XLY.SF.Project.Plugin.IOS.csproj", "{4EAFDBB2-A575-4C73-9135-A4A226752425}"
EndProject
Project("{FAE04EC0-301F-11D3-BF4B-00C04F79EFBC}") = "XLY.SF.Project.ScriptEngine", "..\..\11.Service\14.Plugin\XLY.SF.Project.ScriptEngine\XLY.SF.Project.ScriptEngine.csproj", "{2B69DAFE-7751-4878-94B5-CCBBB9A9C45F}"
EndProject
Project("{2150E333-8FDC-42A3-9474-1A3956D46DE8}") = "18.Test", "18.Test", "{06BEE158-2632-46B1-8FE1-FB9A938C3A67}"
EndProject
Project("{FAE04EC0-301F-11D3-BF4B-00C04F79EFBC}") = "XLY.SF.Project.TestModuls", "..\..\11.Service\18.Test\07.XLY.SF.Project.TestModuls\XLY.SF.Project.TestModuls.csproj", "{B493DEEF-EA5C-4EFC-BF5E-DF8EFB0FE77C}"
EndProject
Project("{FAE04EC0-301F-11D3-BF4B-00C04F79EFBC}") = "XLY.SF.Project.TestApp", "..\..\11.Service\18.Test\08.XLY.SF.Project.TestApp\XLY.SF.Project.TestApp.csproj", "{F23E0222-6776-4D9B-904C-2771986A1825}"
EndProject
Project("{2150E333-8FDC-42A3-9474-1A3956D46DE8}") = "Theme", "Theme", "{40B32285-E235-4DA6-B810-B388F6B79CD8}"
EndProject
Project("{2150E333-8FDC-42A3-9474-1A3956D46DE8}") = "View", "View", "{3782972E-78FA-4989-845D-120B6382E7DE}"
EndProject
Project("{2150E333-8FDC-42A3-9474-1A3956D46DE8}") = "ViewModle", "ViewModle", "{590EAA8B-7E87-4169-BF0B-93EFE198C66A}"
EndProject
Project("{FAE04EC0-301F-11D3-BF4B-00C04F79EFBC}") = "XLY.SF.Project.Themes", "..\..\21.Presentation\Theme\XLY.SF.Project.Themes\XLY.SF.Project.Themes.csproj", "{C4C4FC67-5D56-4426-ACC5-B53CD24C6B69}"
EndProject
Project("{FAE04EC0-301F-11D3-BF4B-00C04F79EFBC}") = "XLY.SF.Project.Views", "..\..\21.Presentation\View\XLY.SF.Project.Views\XLY.SF.Project.Views.csproj", "{4AFFF74B-66B7-4934-8E37-3D65B38A1B39}"
EndProject
Project("{FAE04EC0-301F-11D3-BF4B-00C04F79EFBC}") = "XLY.SF.Project.ViewModels", "..\..\21.Presentation\ViewModel\XLY.SF.Project.ViewModels\XLY.SF.Project.ViewModels.csproj", "{9D2B3936-A461-4B11-AB1B-FAFD1AEAB5DC}"
EndProject
Project("{2150E333-8FDC-42A3-9474-1A3956D46DE8}") = "ProjectExtension", "ProjectExtension", "{416D29C5-4AD0-4DA7-97A6-CE2FF601941F}"
EndProject
Project("{FAE04EC0-301F-11D3-BF4B-00C04F79EFBC}") = "XLY.SF.Project.Extension", "..\..\21.Presentation\ProjectContext\ProjectExtend\XLY.SF.Project.Extension.csproj", "{E280C623-F0DD-47A8-AC87-80A0B5BBAFDB}"
EndProject
Project("{FAE04EC0-301F-11D3-BF4B-00C04F79EFBC}") = "XLY.SF.Project.ViewDomain", "..\..\21.Presentation\ProjectContext\XLY.SF.Project.ViewDomain\XLY.SF.Project.ViewDomain.csproj", "{3048CC82-28C9-4833-8D71-EA86FEA3FB20}"
EndProject
Project("{FAE04EC0-301F-11D3-BF4B-00C04F79EFBC}") = "XLY.SF.ConsoleTest", "..\XLY.SF.Test\XLY.SF.ConsoleTest\XLY.SF.ConsoleTest.csproj", "{FBBE1034-40AA-418A-82F8-CFE1EF86846A}"
EndProject
Project("{FAE04EC0-301F-11D3-BF4B-00C04F79EFBC}") = "XLY.SF.Project.ProxyService", "..\..\21.Presentation\ProjectContext\XLY.SF.Project.Proxy\XLY.SF.Project.ProxyService\XLY.SF.Project.ProxyService.csproj", "{22FCD4A7-053E-4FFB-AB33-4CA9A93903EE}"
EndProject
Project("{FAE04EC0-301F-11D3-BF4B-00C04F79EFBC}") = "XLY.SF.Project.DataFilter", "..\..\11.Service\13.Core\XLY.SF.Project.DataFilter\XLY.SF.Project.DataFilter.csproj", "{22661B55-AD41-4232-8EE7-485CAE0F4F3D}"
EndProject
Project("{FAE04EC0-301F-11D3-BF4B-00C04F79EFBC}") = "XLY.SF.Project.DataReport", "..\..\11.Service\13.Core\XLY.SF.Project.DataReport\XLY.SF.Project.DataReport.csproj", "{03285108-4BF0-40E8-8F85-7D783F6E6FA1}"
EndProject
Project("{FAE04EC0-301F-11D3-BF4B-00C04F79EFBC}") = "XLY.SF.UnitTest", "..\..\11.Service\18.Test\XLY.SF.UnitTest\XLY.SF.UnitTest.csproj", "{AF3004B1-F680-43DA-95CC-27C959A720D9}"
EndProject
Project("{2150E333-8FDC-42A3-9474-1A3956D46DE8}") = "Solution Items", "Solution Items", "{6C1010B1-901E-4B79-9DAD-A324661263AC}"
	ProjectSection(SolutionItems) = preProject
		WorkReadMe.txt = WorkReadMe.txt
	EndProjectSection
EndProject
Project("{FAE04EC0-301F-11D3-BF4B-00C04F79EFBC}") = "XLY.SF.Project.CaseManagement", "..\..\21.Presentation\ProjectContext\XLY.SF.Project.CaseManagement\XLY.SF.Project.CaseManagement.csproj", "{76878187-75D6-45C6-872D-DC19917E3D61}"
EndProject
Project("{FAE04EC0-301F-11D3-BF4B-00C04F79EFBC}") = "XLY.SF.Project.Models", "..\..\11.Service\12.Persistable\XLY.SF.Project.Models\XLY.SF.Project.Models.csproj", "{85971D45-4FAF-4DBD-AD3E-D73E79262011}"
EndProject
Global
	GlobalSection(SolutionConfigurationPlatforms) = preSolution
		Debug|Any CPU = Debug|Any CPU
		Debug|x64 = Debug|x64
		Debug|x86 = Debug|x86
		Release|Any CPU = Release|Any CPU
		Release|x64 = Release|x64
		Release|x86 = Release|x86
	EndGlobalSection
	GlobalSection(ProjectConfigurationPlatforms) = postSolution
		{763F8B72-B80A-4C16-805B-80B2B2B557D4}.Debug|Any CPU.ActiveCfg = Debug|x64
		{763F8B72-B80A-4C16-805B-80B2B2B557D4}.Debug|Any CPU.Build.0 = Debug|x64
		{763F8B72-B80A-4C16-805B-80B2B2B557D4}.Debug|x64.ActiveCfg = Debug|x64
		{763F8B72-B80A-4C16-805B-80B2B2B557D4}.Debug|x64.Build.0 = Debug|x64
		{763F8B72-B80A-4C16-805B-80B2B2B557D4}.Debug|x86.ActiveCfg = Debug|Any CPU
		{763F8B72-B80A-4C16-805B-80B2B2B557D4}.Debug|x86.Build.0 = Debug|Any CPU
		{763F8B72-B80A-4C16-805B-80B2B2B557D4}.Release|Any CPU.ActiveCfg = Release|Any CPU
		{763F8B72-B80A-4C16-805B-80B2B2B557D4}.Release|Any CPU.Build.0 = Release|Any CPU
		{763F8B72-B80A-4C16-805B-80B2B2B557D4}.Release|x64.ActiveCfg = Release|Any CPU
		{763F8B72-B80A-4C16-805B-80B2B2B557D4}.Release|x64.Build.0 = Release|Any CPU
		{763F8B72-B80A-4C16-805B-80B2B2B557D4}.Release|x86.ActiveCfg = Release|Any CPU
		{763F8B72-B80A-4C16-805B-80B2B2B557D4}.Release|x86.Build.0 = Release|Any CPU
		{28682FE4-EC72-42A3-BB2C-27D19F55E14F}.Debug|Any CPU.ActiveCfg = Debug|Any CPU
		{28682FE4-EC72-42A3-BB2C-27D19F55E14F}.Debug|Any CPU.Build.0 = Debug|Any CPU
		{28682FE4-EC72-42A3-BB2C-27D19F55E14F}.Debug|x64.ActiveCfg = Debug|x64
		{28682FE4-EC72-42A3-BB2C-27D19F55E14F}.Debug|x64.Build.0 = Debug|x64
		{28682FE4-EC72-42A3-BB2C-27D19F55E14F}.Debug|x86.ActiveCfg = Debug|x86
		{28682FE4-EC72-42A3-BB2C-27D19F55E14F}.Debug|x86.Build.0 = Debug|x86
		{28682FE4-EC72-42A3-BB2C-27D19F55E14F}.Release|Any CPU.ActiveCfg = Release|Any CPU
		{28682FE4-EC72-42A3-BB2C-27D19F55E14F}.Release|Any CPU.Build.0 = Release|Any CPU
		{28682FE4-EC72-42A3-BB2C-27D19F55E14F}.Release|x64.ActiveCfg = Release|x64
		{28682FE4-EC72-42A3-BB2C-27D19F55E14F}.Release|x64.Build.0 = Release|x64
		{28682FE4-EC72-42A3-BB2C-27D19F55E14F}.Release|x86.ActiveCfg = Release|x86
		{28682FE4-EC72-42A3-BB2C-27D19F55E14F}.Release|x86.Build.0 = Release|x86
		{95C796FD-57F1-4D2E-927F-4E34EA75E319}.Debug|Any CPU.ActiveCfg = Debug|Any CPU
		{95C796FD-57F1-4D2E-927F-4E34EA75E319}.Debug|Any CPU.Build.0 = Debug|Any CPU
		{95C796FD-57F1-4D2E-927F-4E34EA75E319}.Debug|x64.ActiveCfg = Debug|x64
		{95C796FD-57F1-4D2E-927F-4E34EA75E319}.Debug|x64.Build.0 = Debug|x64
		{95C796FD-57F1-4D2E-927F-4E34EA75E319}.Debug|x86.ActiveCfg = Debug|x86
		{95C796FD-57F1-4D2E-927F-4E34EA75E319}.Debug|x86.Build.0 = Debug|x86
		{95C796FD-57F1-4D2E-927F-4E34EA75E319}.Release|Any CPU.ActiveCfg = Release|Any CPU
		{95C796FD-57F1-4D2E-927F-4E34EA75E319}.Release|Any CPU.Build.0 = Release|Any CPU
		{95C796FD-57F1-4D2E-927F-4E34EA75E319}.Release|x64.ActiveCfg = Release|x64
		{95C796FD-57F1-4D2E-927F-4E34EA75E319}.Release|x64.Build.0 = Release|x64
		{95C796FD-57F1-4D2E-927F-4E34EA75E319}.Release|x86.ActiveCfg = Release|x86
		{95C796FD-57F1-4D2E-927F-4E34EA75E319}.Release|x86.Build.0 = Release|x86
		{E58B3BAA-0F89-4E6D-B34E-4607DFA8F805}.Debug|Any CPU.ActiveCfg = Debug|Any CPU
		{E58B3BAA-0F89-4E6D-B34E-4607DFA8F805}.Debug|Any CPU.Build.0 = Debug|Any CPU
		{E58B3BAA-0F89-4E6D-B34E-4607DFA8F805}.Debug|x64.ActiveCfg = Debug|x64
		{E58B3BAA-0F89-4E6D-B34E-4607DFA8F805}.Debug|x64.Build.0 = Debug|x64
		{E58B3BAA-0F89-4E6D-B34E-4607DFA8F805}.Debug|x86.ActiveCfg = Debug|Any CPU
		{E58B3BAA-0F89-4E6D-B34E-4607DFA8F805}.Debug|x86.Build.0 = Debug|Any CPU
		{E58B3BAA-0F89-4E6D-B34E-4607DFA8F805}.Release|Any CPU.ActiveCfg = Release|Any CPU
		{E58B3BAA-0F89-4E6D-B34E-4607DFA8F805}.Release|Any CPU.Build.0 = Release|Any CPU
		{E58B3BAA-0F89-4E6D-B34E-4607DFA8F805}.Release|x64.ActiveCfg = Release|x64
		{E58B3BAA-0F89-4E6D-B34E-4607DFA8F805}.Release|x64.Build.0 = Release|x64
		{E58B3BAA-0F89-4E6D-B34E-4607DFA8F805}.Release|x86.ActiveCfg = Release|Any CPU
		{E58B3BAA-0F89-4E6D-B34E-4607DFA8F805}.Release|x86.Build.0 = Release|Any CPU
		{6E3193B7-7316-415A-B529-0F743D5F267B}.Debug|Any CPU.ActiveCfg = Debug|Any CPU
		{6E3193B7-7316-415A-B529-0F743D5F267B}.Debug|Any CPU.Build.0 = Debug|Any CPU
		{6E3193B7-7316-415A-B529-0F743D5F267B}.Debug|x64.ActiveCfg = Debug|x64
		{6E3193B7-7316-415A-B529-0F743D5F267B}.Debug|x64.Build.0 = Debug|x64
		{6E3193B7-7316-415A-B529-0F743D5F267B}.Debug|x86.ActiveCfg = Debug|x86
		{6E3193B7-7316-415A-B529-0F743D5F267B}.Debug|x86.Build.0 = Debug|x86
		{6E3193B7-7316-415A-B529-0F743D5F267B}.Release|Any CPU.ActiveCfg = Release|Any CPU
		{6E3193B7-7316-415A-B529-0F743D5F267B}.Release|Any CPU.Build.0 = Release|Any CPU
		{6E3193B7-7316-415A-B529-0F743D5F267B}.Release|x64.ActiveCfg = Release|x64
		{6E3193B7-7316-415A-B529-0F743D5F267B}.Release|x64.Build.0 = Release|x64
		{6E3193B7-7316-415A-B529-0F743D5F267B}.Release|x86.ActiveCfg = Release|x86
		{6E3193B7-7316-415A-B529-0F743D5F267B}.Release|x86.Build.0 = Release|x86
		{68F2D8A3-05A8-4AAA-A9E2-00071188595B}.Debug|Any CPU.ActiveCfg = Debug|Any CPU
		{68F2D8A3-05A8-4AAA-A9E2-00071188595B}.Debug|Any CPU.Build.0 = Debug|Any CPU
		{68F2D8A3-05A8-4AAA-A9E2-00071188595B}.Debug|x64.ActiveCfg = Debug|x64
		{68F2D8A3-05A8-4AAA-A9E2-00071188595B}.Debug|x64.Build.0 = Debug|x64
		{68F2D8A3-05A8-4AAA-A9E2-00071188595B}.Debug|x86.ActiveCfg = Debug|x86
		{68F2D8A3-05A8-4AAA-A9E2-00071188595B}.Debug|x86.Build.0 = Debug|x86
		{68F2D8A3-05A8-4AAA-A9E2-00071188595B}.Release|Any CPU.ActiveCfg = Release|Any CPU
		{68F2D8A3-05A8-4AAA-A9E2-00071188595B}.Release|Any CPU.Build.0 = Release|Any CPU
		{68F2D8A3-05A8-4AAA-A9E2-00071188595B}.Release|x64.ActiveCfg = Release|x64
		{68F2D8A3-05A8-4AAA-A9E2-00071188595B}.Release|x64.Build.0 = Release|x64
		{68F2D8A3-05A8-4AAA-A9E2-00071188595B}.Release|x86.ActiveCfg = Release|x86
		{68F2D8A3-05A8-4AAA-A9E2-00071188595B}.Release|x86.Build.0 = Release|x86
		{E65AA84E-A943-4197-8D2B-631A7CD8565E}.Debug|Any CPU.ActiveCfg = Debug|Any CPU
		{E65AA84E-A943-4197-8D2B-631A7CD8565E}.Debug|Any CPU.Build.0 = Debug|Any CPU
		{E65AA84E-A943-4197-8D2B-631A7CD8565E}.Debug|x64.ActiveCfg = Debug|x64
		{E65AA84E-A943-4197-8D2B-631A7CD8565E}.Debug|x64.Build.0 = Debug|x64
		{E65AA84E-A943-4197-8D2B-631A7CD8565E}.Debug|x86.ActiveCfg = Debug|Any CPU
		{E65AA84E-A943-4197-8D2B-631A7CD8565E}.Debug|x86.Build.0 = Debug|Any CPU
		{E65AA84E-A943-4197-8D2B-631A7CD8565E}.Release|Any CPU.ActiveCfg = Release|Any CPU
		{E65AA84E-A943-4197-8D2B-631A7CD8565E}.Release|Any CPU.Build.0 = Release|Any CPU
		{E65AA84E-A943-4197-8D2B-631A7CD8565E}.Release|x64.ActiveCfg = Release|x64
		{E65AA84E-A943-4197-8D2B-631A7CD8565E}.Release|x64.Build.0 = Release|x64
		{E65AA84E-A943-4197-8D2B-631A7CD8565E}.Release|x86.ActiveCfg = Release|Any CPU
		{E65AA84E-A943-4197-8D2B-631A7CD8565E}.Release|x86.Build.0 = Release|Any CPU
		{D13C3F48-EA76-4AF7-9519-BAE2E64ABD3F}.Debug|Any CPU.ActiveCfg = Debug|Any CPU
		{D13C3F48-EA76-4AF7-9519-BAE2E64ABD3F}.Debug|Any CPU.Build.0 = Debug|Any CPU
		{D13C3F48-EA76-4AF7-9519-BAE2E64ABD3F}.Debug|x64.ActiveCfg = Debug|x64
		{D13C3F48-EA76-4AF7-9519-BAE2E64ABD3F}.Debug|x64.Build.0 = Debug|x64
		{D13C3F48-EA76-4AF7-9519-BAE2E64ABD3F}.Debug|x86.ActiveCfg = Debug|x86
		{D13C3F48-EA76-4AF7-9519-BAE2E64ABD3F}.Debug|x86.Build.0 = Debug|x86
		{D13C3F48-EA76-4AF7-9519-BAE2E64ABD3F}.Release|Any CPU.ActiveCfg = Release|Any CPU
		{D13C3F48-EA76-4AF7-9519-BAE2E64ABD3F}.Release|Any CPU.Build.0 = Release|Any CPU
		{D13C3F48-EA76-4AF7-9519-BAE2E64ABD3F}.Release|x64.ActiveCfg = Release|x64
		{D13C3F48-EA76-4AF7-9519-BAE2E64ABD3F}.Release|x64.Build.0 = Release|x64
		{D13C3F48-EA76-4AF7-9519-BAE2E64ABD3F}.Release|x86.ActiveCfg = Release|x86
		{D13C3F48-EA76-4AF7-9519-BAE2E64ABD3F}.Release|x86.Build.0 = Release|x86
		{A6CC8605-4108-43ED-987A-DBA25059805B}.Debug|Any CPU.ActiveCfg = Debug|Any CPU
		{A6CC8605-4108-43ED-987A-DBA25059805B}.Debug|Any CPU.Build.0 = Debug|Any CPU
		{A6CC8605-4108-43ED-987A-DBA25059805B}.Debug|x64.ActiveCfg = Debug|x64
		{A6CC8605-4108-43ED-987A-DBA25059805B}.Debug|x64.Build.0 = Debug|x64
		{A6CC8605-4108-43ED-987A-DBA25059805B}.Debug|x86.ActiveCfg = Debug|Any CPU
		{A6CC8605-4108-43ED-987A-DBA25059805B}.Debug|x86.Build.0 = Debug|Any CPU
		{A6CC8605-4108-43ED-987A-DBA25059805B}.Release|Any CPU.ActiveCfg = Release|Any CPU
		{A6CC8605-4108-43ED-987A-DBA25059805B}.Release|Any CPU.Build.0 = Release|Any CPU
		{A6CC8605-4108-43ED-987A-DBA25059805B}.Release|x64.ActiveCfg = Release|x64
		{A6CC8605-4108-43ED-987A-DBA25059805B}.Release|x64.Build.0 = Release|x64
		{A6CC8605-4108-43ED-987A-DBA25059805B}.Release|x86.ActiveCfg = Release|Any CPU
		{A6CC8605-4108-43ED-987A-DBA25059805B}.Release|x86.Build.0 = Release|Any CPU
		{8FCDB07B-6F81-4C8C-85F9-1BBBBB73C744}.Debug|Any CPU.ActiveCfg = Debug|x86
		{8FCDB07B-6F81-4C8C-85F9-1BBBBB73C744}.Debug|x64.ActiveCfg = Debug|Any CPU
		{8FCDB07B-6F81-4C8C-85F9-1BBBBB73C744}.Debug|x64.Build.0 = Debug|Any CPU
		{8FCDB07B-6F81-4C8C-85F9-1BBBBB73C744}.Debug|x86.ActiveCfg = Debug|Any CPU
		{8FCDB07B-6F81-4C8C-85F9-1BBBBB73C744}.Debug|x86.Build.0 = Debug|Any CPU
		{8FCDB07B-6F81-4C8C-85F9-1BBBBB73C744}.Release|Any CPU.ActiveCfg = Release|Any CPU
		{8FCDB07B-6F81-4C8C-85F9-1BBBBB73C744}.Release|Any CPU.Build.0 = Release|Any CPU
		{8FCDB07B-6F81-4C8C-85F9-1BBBBB73C744}.Release|x64.ActiveCfg = Release|Any CPU
		{8FCDB07B-6F81-4C8C-85F9-1BBBBB73C744}.Release|x64.Build.0 = Release|Any CPU
		{8FCDB07B-6F81-4C8C-85F9-1BBBBB73C744}.Release|x86.ActiveCfg = Release|Any CPU
		{8FCDB07B-6F81-4C8C-85F9-1BBBBB73C744}.Release|x86.Build.0 = Release|Any CPU
		{CC75B75F-FDED-448F-8AC4-AC5E1E520CC7}.Debug|Any CPU.ActiveCfg = Debug|Any CPU
		{CC75B75F-FDED-448F-8AC4-AC5E1E520CC7}.Debug|Any CPU.Build.0 = Debug|Any CPU
		{CC75B75F-FDED-448F-8AC4-AC5E1E520CC7}.Debug|x64.ActiveCfg = Debug|x64
		{CC75B75F-FDED-448F-8AC4-AC5E1E520CC7}.Debug|x64.Build.0 = Debug|x64
		{CC75B75F-FDED-448F-8AC4-AC5E1E520CC7}.Debug|x86.ActiveCfg = Debug|Any CPU
		{CC75B75F-FDED-448F-8AC4-AC5E1E520CC7}.Debug|x86.Build.0 = Debug|Any CPU
		{CC75B75F-FDED-448F-8AC4-AC5E1E520CC7}.Release|Any CPU.ActiveCfg = Release|Any CPU
		{CC75B75F-FDED-448F-8AC4-AC5E1E520CC7}.Release|Any CPU.Build.0 = Release|Any CPU
		{CC75B75F-FDED-448F-8AC4-AC5E1E520CC7}.Release|x64.ActiveCfg = Release|x64
		{CC75B75F-FDED-448F-8AC4-AC5E1E520CC7}.Release|x64.Build.0 = Release|x64
		{CC75B75F-FDED-448F-8AC4-AC5E1E520CC7}.Release|x86.ActiveCfg = Release|Any CPU
		{CC75B75F-FDED-448F-8AC4-AC5E1E520CC7}.Release|x86.Build.0 = Release|Any CPU
		{766CDC1D-BAA1-4E74-B91B-BCCBEC083219}.Debug|Any CPU.ActiveCfg = Debug|x86
		{766CDC1D-BAA1-4E74-B91B-BCCBEC083219}.Debug|Any CPU.Build.0 = Debug|x86
		{766CDC1D-BAA1-4E74-B91B-BCCBEC083219}.Debug|x64.ActiveCfg = Debug|Any CPU
		{766CDC1D-BAA1-4E74-B91B-BCCBEC083219}.Debug|x64.Build.0 = Debug|Any CPU
		{766CDC1D-BAA1-4E74-B91B-BCCBEC083219}.Debug|x86.ActiveCfg = Debug|Any CPU
		{766CDC1D-BAA1-4E74-B91B-BCCBEC083219}.Debug|x86.Build.0 = Debug|Any CPU
		{766CDC1D-BAA1-4E74-B91B-BCCBEC083219}.Release|Any CPU.ActiveCfg = Release|Any CPU
		{766CDC1D-BAA1-4E74-B91B-BCCBEC083219}.Release|Any CPU.Build.0 = Release|Any CPU
		{766CDC1D-BAA1-4E74-B91B-BCCBEC083219}.Release|x64.ActiveCfg = Release|Any CPU
		{766CDC1D-BAA1-4E74-B91B-BCCBEC083219}.Release|x64.Build.0 = Release|Any CPU
		{766CDC1D-BAA1-4E74-B91B-BCCBEC083219}.Release|x86.ActiveCfg = Release|Any CPU
		{766CDC1D-BAA1-4E74-B91B-BCCBEC083219}.Release|x86.Build.0 = Release|Any CPU
		{9EB7A2CF-AE03-47EE-B850-88A0FCCDD0BD}.Debug|Any CPU.ActiveCfg = Debug|Any CPU
		{9EB7A2CF-AE03-47EE-B850-88A0FCCDD0BD}.Debug|Any CPU.Build.0 = Debug|Any CPU
		{9EB7A2CF-AE03-47EE-B850-88A0FCCDD0BD}.Debug|x64.ActiveCfg = Debug|x64
		{9EB7A2CF-AE03-47EE-B850-88A0FCCDD0BD}.Debug|x64.Build.0 = Debug|x64
		{9EB7A2CF-AE03-47EE-B850-88A0FCCDD0BD}.Debug|x86.ActiveCfg = Debug|Any CPU
		{9EB7A2CF-AE03-47EE-B850-88A0FCCDD0BD}.Debug|x86.Build.0 = Debug|Any CPU
		{9EB7A2CF-AE03-47EE-B850-88A0FCCDD0BD}.Release|Any CPU.ActiveCfg = Release|Any CPU
		{9EB7A2CF-AE03-47EE-B850-88A0FCCDD0BD}.Release|Any CPU.Build.0 = Release|Any CPU
		{9EB7A2CF-AE03-47EE-B850-88A0FCCDD0BD}.Release|x64.ActiveCfg = Release|x64
		{9EB7A2CF-AE03-47EE-B850-88A0FCCDD0BD}.Release|x64.Build.0 = Release|x64
		{9EB7A2CF-AE03-47EE-B850-88A0FCCDD0BD}.Release|x86.ActiveCfg = Release|Any CPU
		{9EB7A2CF-AE03-47EE-B850-88A0FCCDD0BD}.Release|x86.Build.0 = Release|Any CPU
		{5F90F3E6-3733-4C74-9D6F-A262A3398AF5}.Debug|Any CPU.ActiveCfg = Debug|Any CPU
		{5F90F3E6-3733-4C74-9D6F-A262A3398AF5}.Debug|Any CPU.Build.0 = Debug|Any CPU
		{5F90F3E6-3733-4C74-9D6F-A262A3398AF5}.Debug|x64.ActiveCfg = Debug|x64
		{5F90F3E6-3733-4C74-9D6F-A262A3398AF5}.Debug|x64.Build.0 = Debug|x64
		{5F90F3E6-3733-4C74-9D6F-A262A3398AF5}.Debug|x86.ActiveCfg = Debug|Any CPU
		{5F90F3E6-3733-4C74-9D6F-A262A3398AF5}.Debug|x86.Build.0 = Debug|Any CPU
		{5F90F3E6-3733-4C74-9D6F-A262A3398AF5}.Release|Any CPU.ActiveCfg = Release|Any CPU
		{5F90F3E6-3733-4C74-9D6F-A262A3398AF5}.Release|Any CPU.Build.0 = Release|Any CPU
		{5F90F3E6-3733-4C74-9D6F-A262A3398AF5}.Release|x64.ActiveCfg = Release|x64
		{5F90F3E6-3733-4C74-9D6F-A262A3398AF5}.Release|x64.Build.0 = Release|x64
		{5F90F3E6-3733-4C74-9D6F-A262A3398AF5}.Release|x86.ActiveCfg = Release|Any CPU
		{5F90F3E6-3733-4C74-9D6F-A262A3398AF5}.Release|x86.Build.0 = Release|Any CPU
		{90F36552-0B97-41CB-8D2B-BA66225DC3CB}.Debug|Any CPU.ActiveCfg = Debug|Any CPU
		{90F36552-0B97-41CB-8D2B-BA66225DC3CB}.Debug|Any CPU.Build.0 = Debug|Any CPU
		{90F36552-0B97-41CB-8D2B-BA66225DC3CB}.Debug|x64.ActiveCfg = Debug|x64
		{90F36552-0B97-41CB-8D2B-BA66225DC3CB}.Debug|x64.Build.0 = Debug|x64
		{90F36552-0B97-41CB-8D2B-BA66225DC3CB}.Debug|x86.ActiveCfg = Debug|x86
		{90F36552-0B97-41CB-8D2B-BA66225DC3CB}.Debug|x86.Build.0 = Debug|x86
		{90F36552-0B97-41CB-8D2B-BA66225DC3CB}.Release|Any CPU.ActiveCfg = Release|Any CPU
		{90F36552-0B97-41CB-8D2B-BA66225DC3CB}.Release|Any CPU.Build.0 = Release|Any CPU
		{90F36552-0B97-41CB-8D2B-BA66225DC3CB}.Release|x64.ActiveCfg = Release|x64
		{90F36552-0B97-41CB-8D2B-BA66225DC3CB}.Release|x64.Build.0 = Release|x64
		{90F36552-0B97-41CB-8D2B-BA66225DC3CB}.Release|x86.ActiveCfg = Release|x86
		{90F36552-0B97-41CB-8D2B-BA66225DC3CB}.Release|x86.Build.0 = Release|x86
		{9E9B358E-6067-41B9-B986-E58E09210FC5}.Debug|Any CPU.ActiveCfg = Debug|Any CPU
		{9E9B358E-6067-41B9-B986-E58E09210FC5}.Debug|Any CPU.Build.0 = Debug|Any CPU
		{9E9B358E-6067-41B9-B986-E58E09210FC5}.Debug|x64.ActiveCfg = Debug|x64
		{9E9B358E-6067-41B9-B986-E58E09210FC5}.Debug|x64.Build.0 = Debug|x64
		{9E9B358E-6067-41B9-B986-E58E09210FC5}.Debug|x86.ActiveCfg = Debug|x86
		{9E9B358E-6067-41B9-B986-E58E09210FC5}.Debug|x86.Build.0 = Debug|x86
		{9E9B358E-6067-41B9-B986-E58E09210FC5}.Release|Any CPU.ActiveCfg = Release|Any CPU
		{9E9B358E-6067-41B9-B986-E58E09210FC5}.Release|Any CPU.Build.0 = Release|Any CPU
		{9E9B358E-6067-41B9-B986-E58E09210FC5}.Release|x64.ActiveCfg = Release|x64
		{9E9B358E-6067-41B9-B986-E58E09210FC5}.Release|x64.Build.0 = Release|x64
		{9E9B358E-6067-41B9-B986-E58E09210FC5}.Release|x86.ActiveCfg = Release|x86
		{9E9B358E-6067-41B9-B986-E58E09210FC5}.Release|x86.Build.0 = Release|x86
		{4DB2D5F7-3A3F-4F95-9BF6-434F3D8298B3}.Debug|Any CPU.ActiveCfg = Debug|Any CPU
		{4DB2D5F7-3A3F-4F95-9BF6-434F3D8298B3}.Debug|Any CPU.Build.0 = Debug|Any CPU
		{4DB2D5F7-3A3F-4F95-9BF6-434F3D8298B3}.Debug|x64.ActiveCfg = Debug|x64
		{4DB2D5F7-3A3F-4F95-9BF6-434F3D8298B3}.Debug|x64.Build.0 = Debug|x64
		{4DB2D5F7-3A3F-4F95-9BF6-434F3D8298B3}.Debug|x86.ActiveCfg = Debug|x86
		{4DB2D5F7-3A3F-4F95-9BF6-434F3D8298B3}.Debug|x86.Build.0 = Debug|x86
		{4DB2D5F7-3A3F-4F95-9BF6-434F3D8298B3}.Release|Any CPU.ActiveCfg = Release|Any CPU
		{4DB2D5F7-3A3F-4F95-9BF6-434F3D8298B3}.Release|Any CPU.Build.0 = Release|Any CPU
		{4DB2D5F7-3A3F-4F95-9BF6-434F3D8298B3}.Release|x64.ActiveCfg = Release|x64
		{4DB2D5F7-3A3F-4F95-9BF6-434F3D8298B3}.Release|x64.Build.0 = Release|x64
		{4DB2D5F7-3A3F-4F95-9BF6-434F3D8298B3}.Release|x86.ActiveCfg = Release|x86
		{4DB2D5F7-3A3F-4F95-9BF6-434F3D8298B3}.Release|x86.Build.0 = Release|x86
		{78424848-06CB-4D68-81D2-6338F56AACAD}.Debug|Any CPU.ActiveCfg = Debug|Any CPU
		{78424848-06CB-4D68-81D2-6338F56AACAD}.Debug|Any CPU.Build.0 = Debug|Any CPU
		{78424848-06CB-4D68-81D2-6338F56AACAD}.Debug|x64.ActiveCfg = Debug|x64
		{78424848-06CB-4D68-81D2-6338F56AACAD}.Debug|x64.Build.0 = Debug|x64
		{78424848-06CB-4D68-81D2-6338F56AACAD}.Debug|x86.ActiveCfg = Debug|x86
		{78424848-06CB-4D68-81D2-6338F56AACAD}.Debug|x86.Build.0 = Debug|x86
		{78424848-06CB-4D68-81D2-6338F56AACAD}.Release|Any CPU.ActiveCfg = Release|Any CPU
		{78424848-06CB-4D68-81D2-6338F56AACAD}.Release|Any CPU.Build.0 = Release|Any CPU
		{78424848-06CB-4D68-81D2-6338F56AACAD}.Release|x64.ActiveCfg = Release|x64
		{78424848-06CB-4D68-81D2-6338F56AACAD}.Release|x64.Build.0 = Release|x64
		{78424848-06CB-4D68-81D2-6338F56AACAD}.Release|x86.ActiveCfg = Release|x86
		{78424848-06CB-4D68-81D2-6338F56AACAD}.Release|x86.Build.0 = Release|x86
		{A6AC1722-6E18-4D53-8F34-19D32D93854D}.Debug|Any CPU.ActiveCfg = Debug|Any CPU
		{A6AC1722-6E18-4D53-8F34-19D32D93854D}.Debug|Any CPU.Build.0 = Debug|Any CPU
		{A6AC1722-6E18-4D53-8F34-19D32D93854D}.Debug|x64.ActiveCfg = Debug|x64
		{A6AC1722-6E18-4D53-8F34-19D32D93854D}.Debug|x64.Build.0 = Debug|x64
		{A6AC1722-6E18-4D53-8F34-19D32D93854D}.Debug|x86.ActiveCfg = Debug|x86
		{A6AC1722-6E18-4D53-8F34-19D32D93854D}.Debug|x86.Build.0 = Debug|x86
		{A6AC1722-6E18-4D53-8F34-19D32D93854D}.Release|Any CPU.ActiveCfg = Release|Any CPU
		{A6AC1722-6E18-4D53-8F34-19D32D93854D}.Release|Any CPU.Build.0 = Release|Any CPU
		{A6AC1722-6E18-4D53-8F34-19D32D93854D}.Release|x64.ActiveCfg = Release|x64
		{A6AC1722-6E18-4D53-8F34-19D32D93854D}.Release|x64.Build.0 = Release|x64
		{A6AC1722-6E18-4D53-8F34-19D32D93854D}.Release|x86.ActiveCfg = Release|x86
		{A6AC1722-6E18-4D53-8F34-19D32D93854D}.Release|x86.Build.0 = Release|x86
		{79255AB4-48AA-4E0C-830A-551D505D19FF}.Debug|Any CPU.ActiveCfg = Debug|Any CPU
		{79255AB4-48AA-4E0C-830A-551D505D19FF}.Debug|Any CPU.Build.0 = Debug|Any CPU
		{79255AB4-48AA-4E0C-830A-551D505D19FF}.Debug|x64.ActiveCfg = Debug|x64
		{79255AB4-48AA-4E0C-830A-551D505D19FF}.Debug|x64.Build.0 = Debug|x64
		{79255AB4-48AA-4E0C-830A-551D505D19FF}.Debug|x86.ActiveCfg = Debug|x86
		{79255AB4-48AA-4E0C-830A-551D505D19FF}.Debug|x86.Build.0 = Debug|x86
		{79255AB4-48AA-4E0C-830A-551D505D19FF}.Release|Any CPU.ActiveCfg = Release|Any CPU
		{79255AB4-48AA-4E0C-830A-551D505D19FF}.Release|Any CPU.Build.0 = Release|Any CPU
		{79255AB4-48AA-4E0C-830A-551D505D19FF}.Release|x64.ActiveCfg = Release|x64
		{79255AB4-48AA-4E0C-830A-551D505D19FF}.Release|x64.Build.0 = Release|x64
		{79255AB4-48AA-4E0C-830A-551D505D19FF}.Release|x86.ActiveCfg = Release|x86
		{79255AB4-48AA-4E0C-830A-551D505D19FF}.Release|x86.Build.0 = Release|x86
		{AAB977C9-C35A-48F9-98EA-70DFB266DED0}.Debug|Any CPU.ActiveCfg = Debug|Any CPU
		{AAB977C9-C35A-48F9-98EA-70DFB266DED0}.Debug|Any CPU.Build.0 = Debug|Any CPU
		{AAB977C9-C35A-48F9-98EA-70DFB266DED0}.Debug|x64.ActiveCfg = Debug|x64
		{AAB977C9-C35A-48F9-98EA-70DFB266DED0}.Debug|x64.Build.0 = Debug|x64
		{AAB977C9-C35A-48F9-98EA-70DFB266DED0}.Debug|x86.ActiveCfg = Debug|x86
		{AAB977C9-C35A-48F9-98EA-70DFB266DED0}.Debug|x86.Build.0 = Debug|x86
		{AAB977C9-C35A-48F9-98EA-70DFB266DED0}.Release|Any CPU.ActiveCfg = Release|Any CPU
		{AAB977C9-C35A-48F9-98EA-70DFB266DED0}.Release|Any CPU.Build.0 = Release|Any CPU
		{AAB977C9-C35A-48F9-98EA-70DFB266DED0}.Release|x64.ActiveCfg = Release|x64
		{AAB977C9-C35A-48F9-98EA-70DFB266DED0}.Release|x64.Build.0 = Release|x64
		{AAB977C9-C35A-48F9-98EA-70DFB266DED0}.Release|x86.ActiveCfg = Release|x86
		{AAB977C9-C35A-48F9-98EA-70DFB266DED0}.Release|x86.Build.0 = Release|x86
		{4EAFDBB2-A575-4C73-9135-A4A226752425}.Debug|Any CPU.ActiveCfg = Debug|Any CPU
		{4EAFDBB2-A575-4C73-9135-A4A226752425}.Debug|Any CPU.Build.0 = Debug|Any CPU
		{4EAFDBB2-A575-4C73-9135-A4A226752425}.Debug|x64.ActiveCfg = Debug|x64
		{4EAFDBB2-A575-4C73-9135-A4A226752425}.Debug|x64.Build.0 = Debug|x64
		{4EAFDBB2-A575-4C73-9135-A4A226752425}.Debug|x86.ActiveCfg = Debug|x86
		{4EAFDBB2-A575-4C73-9135-A4A226752425}.Debug|x86.Build.0 = Debug|x86
		{4EAFDBB2-A575-4C73-9135-A4A226752425}.Release|Any CPU.ActiveCfg = Release|Any CPU
		{4EAFDBB2-A575-4C73-9135-A4A226752425}.Release|Any CPU.Build.0 = Release|Any CPU
		{4EAFDBB2-A575-4C73-9135-A4A226752425}.Release|x64.ActiveCfg = Release|x64
		{4EAFDBB2-A575-4C73-9135-A4A226752425}.Release|x64.Build.0 = Release|x64
		{4EAFDBB2-A575-4C73-9135-A4A226752425}.Release|x86.ActiveCfg = Release|x86
		{4EAFDBB2-A575-4C73-9135-A4A226752425}.Release|x86.Build.0 = Release|x86
		{2B69DAFE-7751-4878-94B5-CCBBB9A9C45F}.Debug|Any CPU.ActiveCfg = Debug|Any CPU
		{2B69DAFE-7751-4878-94B5-CCBBB9A9C45F}.Debug|Any CPU.Build.0 = Debug|Any CPU
		{2B69DAFE-7751-4878-94B5-CCBBB9A9C45F}.Debug|x64.ActiveCfg = Debug|x64
		{2B69DAFE-7751-4878-94B5-CCBBB9A9C45F}.Debug|x64.Build.0 = Debug|x64
		{2B69DAFE-7751-4878-94B5-CCBBB9A9C45F}.Debug|x86.ActiveCfg = Debug|Any CPU
		{2B69DAFE-7751-4878-94B5-CCBBB9A9C45F}.Debug|x86.Build.0 = Debug|Any CPU
		{2B69DAFE-7751-4878-94B5-CCBBB9A9C45F}.Release|Any CPU.ActiveCfg = Release|Any CPU
		{2B69DAFE-7751-4878-94B5-CCBBB9A9C45F}.Release|Any CPU.Build.0 = Release|Any CPU
		{2B69DAFE-7751-4878-94B5-CCBBB9A9C45F}.Release|x64.ActiveCfg = Release|x64
		{2B69DAFE-7751-4878-94B5-CCBBB9A9C45F}.Release|x64.Build.0 = Release|x64
		{2B69DAFE-7751-4878-94B5-CCBBB9A9C45F}.Release|x86.ActiveCfg = Release|Any CPU
		{2B69DAFE-7751-4878-94B5-CCBBB9A9C45F}.Release|x86.Build.0 = Release|Any CPU
		{B493DEEF-EA5C-4EFC-BF5E-DF8EFB0FE77C}.Debug|Any CPU.ActiveCfg = Debug|Any CPU
		{B493DEEF-EA5C-4EFC-BF5E-DF8EFB0FE77C}.Debug|x64.ActiveCfg = Debug|x64
		{B493DEEF-EA5C-4EFC-BF5E-DF8EFB0FE77C}.Debug|x86.ActiveCfg = Debug|x86
		{B493DEEF-EA5C-4EFC-BF5E-DF8EFB0FE77C}.Debug|x86.Build.0 = Debug|x86
		{B493DEEF-EA5C-4EFC-BF5E-DF8EFB0FE77C}.Release|Any CPU.ActiveCfg = Release|Any CPU
		{B493DEEF-EA5C-4EFC-BF5E-DF8EFB0FE77C}.Release|x64.ActiveCfg = Release|x64
		{B493DEEF-EA5C-4EFC-BF5E-DF8EFB0FE77C}.Release|x64.Build.0 = Release|x64
		{B493DEEF-EA5C-4EFC-BF5E-DF8EFB0FE77C}.Release|x86.ActiveCfg = Release|x86
		{B493DEEF-EA5C-4EFC-BF5E-DF8EFB0FE77C}.Release|x86.Build.0 = Release|x86
		{F23E0222-6776-4D9B-904C-2771986A1825}.Debug|Any CPU.ActiveCfg = Debug|Any CPU
		{F23E0222-6776-4D9B-904C-2771986A1825}.Debug|x64.ActiveCfg = Debug|x64
		{F23E0222-6776-4D9B-904C-2771986A1825}.Debug|x86.ActiveCfg = Debug|x86
		{F23E0222-6776-4D9B-904C-2771986A1825}.Debug|x86.Build.0 = Debug|x86
		{F23E0222-6776-4D9B-904C-2771986A1825}.Release|Any CPU.ActiveCfg = Release|Any CPU
		{F23E0222-6776-4D9B-904C-2771986A1825}.Release|x64.ActiveCfg = Release|x64
		{F23E0222-6776-4D9B-904C-2771986A1825}.Release|x64.Build.0 = Release|x64
		{F23E0222-6776-4D9B-904C-2771986A1825}.Release|x86.ActiveCfg = Release|x86
		{F23E0222-6776-4D9B-904C-2771986A1825}.Release|x86.Build.0 = Release|x86
		{C4C4FC67-5D56-4426-ACC5-B53CD24C6B69}.Debug|Any CPU.ActiveCfg = Debug|Any CPU
		{C4C4FC67-5D56-4426-ACC5-B53CD24C6B69}.Debug|Any CPU.Build.0 = Debug|Any CPU
		{C4C4FC67-5D56-4426-ACC5-B53CD24C6B69}.Debug|x64.ActiveCfg = Debug|x64
		{C4C4FC67-5D56-4426-ACC5-B53CD24C6B69}.Debug|x64.Build.0 = Debug|x64
		{C4C4FC67-5D56-4426-ACC5-B53CD24C6B69}.Debug|x86.ActiveCfg = Debug|x86
		{C4C4FC67-5D56-4426-ACC5-B53CD24C6B69}.Debug|x86.Build.0 = Debug|x86
		{C4C4FC67-5D56-4426-ACC5-B53CD24C6B69}.Release|Any CPU.ActiveCfg = Release|Any CPU
		{C4C4FC67-5D56-4426-ACC5-B53CD24C6B69}.Release|Any CPU.Build.0 = Release|Any CPU
		{C4C4FC67-5D56-4426-ACC5-B53CD24C6B69}.Release|x64.ActiveCfg = Release|x64
		{C4C4FC67-5D56-4426-ACC5-B53CD24C6B69}.Release|x64.Build.0 = Release|x64
		{C4C4FC67-5D56-4426-ACC5-B53CD24C6B69}.Release|x86.ActiveCfg = Release|x86
		{C4C4FC67-5D56-4426-ACC5-B53CD24C6B69}.Release|x86.Build.0 = Release|x86
		{4AFFF74B-66B7-4934-8E37-3D65B38A1B39}.Debug|Any CPU.ActiveCfg = Debug|Any CPU
		{4AFFF74B-66B7-4934-8E37-3D65B38A1B39}.Debug|Any CPU.Build.0 = Debug|Any CPU
		{4AFFF74B-66B7-4934-8E37-3D65B38A1B39}.Debug|x64.ActiveCfg = Debug|x64
		{4AFFF74B-66B7-4934-8E37-3D65B38A1B39}.Debug|x64.Build.0 = Debug|x64
		{4AFFF74B-66B7-4934-8E37-3D65B38A1B39}.Debug|x86.ActiveCfg = Debug|x86
		{4AFFF74B-66B7-4934-8E37-3D65B38A1B39}.Debug|x86.Build.0 = Debug|x86
		{4AFFF74B-66B7-4934-8E37-3D65B38A1B39}.Release|Any CPU.ActiveCfg = Release|Any CPU
		{4AFFF74B-66B7-4934-8E37-3D65B38A1B39}.Release|Any CPU.Build.0 = Release|Any CPU
		{4AFFF74B-66B7-4934-8E37-3D65B38A1B39}.Release|x64.ActiveCfg = Release|x64
		{4AFFF74B-66B7-4934-8E37-3D65B38A1B39}.Release|x64.Build.0 = Release|x64
		{4AFFF74B-66B7-4934-8E37-3D65B38A1B39}.Release|x86.ActiveCfg = Release|x86
		{4AFFF74B-66B7-4934-8E37-3D65B38A1B39}.Release|x86.Build.0 = Release|x86
		{9D2B3936-A461-4B11-AB1B-FAFD1AEAB5DC}.Debug|Any CPU.ActiveCfg = Debug|Any CPU
		{9D2B3936-A461-4B11-AB1B-FAFD1AEAB5DC}.Debug|Any CPU.Build.0 = Debug|Any CPU
		{9D2B3936-A461-4B11-AB1B-FAFD1AEAB5DC}.Debug|x64.ActiveCfg = Debug|x64
		{9D2B3936-A461-4B11-AB1B-FAFD1AEAB5DC}.Debug|x64.Build.0 = Debug|x64
		{9D2B3936-A461-4B11-AB1B-FAFD1AEAB5DC}.Debug|x86.ActiveCfg = Debug|x86
		{9D2B3936-A461-4B11-AB1B-FAFD1AEAB5DC}.Debug|x86.Build.0 = Debug|x86
		{9D2B3936-A461-4B11-AB1B-FAFD1AEAB5DC}.Release|Any CPU.ActiveCfg = Release|Any CPU
		{9D2B3936-A461-4B11-AB1B-FAFD1AEAB5DC}.Release|Any CPU.Build.0 = Release|Any CPU
		{9D2B3936-A461-4B11-AB1B-FAFD1AEAB5DC}.Release|x64.ActiveCfg = Release|x64
		{9D2B3936-A461-4B11-AB1B-FAFD1AEAB5DC}.Release|x64.Build.0 = Release|x64
		{9D2B3936-A461-4B11-AB1B-FAFD1AEAB5DC}.Release|x86.ActiveCfg = Release|x86
		{9D2B3936-A461-4B11-AB1B-FAFD1AEAB5DC}.Release|x86.Build.0 = Release|x86
		{E280C623-F0DD-47A8-AC87-80A0B5BBAFDB}.Debug|Any CPU.ActiveCfg = Debug|Any CPU
		{E280C623-F0DD-47A8-AC87-80A0B5BBAFDB}.Debug|Any CPU.Build.0 = Debug|Any CPU
		{E280C623-F0DD-47A8-AC87-80A0B5BBAFDB}.Debug|x64.ActiveCfg = Debug|Any CPU
		{E280C623-F0DD-47A8-AC87-80A0B5BBAFDB}.Debug|x64.Build.0 = Debug|Any CPU
		{E280C623-F0DD-47A8-AC87-80A0B5BBAFDB}.Debug|x86.ActiveCfg = Debug|Any CPU
		{E280C623-F0DD-47A8-AC87-80A0B5BBAFDB}.Debug|x86.Build.0 = Debug|Any CPU
		{E280C623-F0DD-47A8-AC87-80A0B5BBAFDB}.Release|Any CPU.ActiveCfg = Release|Any CPU
		{E280C623-F0DD-47A8-AC87-80A0B5BBAFDB}.Release|Any CPU.Build.0 = Release|Any CPU
		{E280C623-F0DD-47A8-AC87-80A0B5BBAFDB}.Release|x64.ActiveCfg = Release|Any CPU
		{E280C623-F0DD-47A8-AC87-80A0B5BBAFDB}.Release|x64.Build.0 = Release|Any CPU
		{E280C623-F0DD-47A8-AC87-80A0B5BBAFDB}.Release|x86.ActiveCfg = Release|Any CPU
		{E280C623-F0DD-47A8-AC87-80A0B5BBAFDB}.Release|x86.Build.0 = Release|Any CPU
		{3048CC82-28C9-4833-8D71-EA86FEA3FB20}.Debug|Any CPU.ActiveCfg = Debug|Any CPU
		{3048CC82-28C9-4833-8D71-EA86FEA3FB20}.Debug|Any CPU.Build.0 = Debug|Any CPU
		{3048CC82-28C9-4833-8D71-EA86FEA3FB20}.Debug|x64.ActiveCfg = Debug|Any CPU
		{3048CC82-28C9-4833-8D71-EA86FEA3FB20}.Debug|x64.Build.0 = Debug|Any CPU
		{3048CC82-28C9-4833-8D71-EA86FEA3FB20}.Debug|x86.ActiveCfg = Debug|Any CPU
		{3048CC82-28C9-4833-8D71-EA86FEA3FB20}.Debug|x86.Build.0 = Debug|Any CPU
		{3048CC82-28C9-4833-8D71-EA86FEA3FB20}.Release|Any CPU.ActiveCfg = Release|Any CPU
		{3048CC82-28C9-4833-8D71-EA86FEA3FB20}.Release|Any CPU.Build.0 = Release|Any CPU
		{3048CC82-28C9-4833-8D71-EA86FEA3FB20}.Release|x64.ActiveCfg = Release|Any CPU
		{3048CC82-28C9-4833-8D71-EA86FEA3FB20}.Release|x64.Build.0 = Release|Any CPU
		{3048CC82-28C9-4833-8D71-EA86FEA3FB20}.Release|x86.ActiveCfg = Release|Any CPU
		{3048CC82-28C9-4833-8D71-EA86FEA3FB20}.Release|x86.Build.0 = Release|Any CPU
		{FBBE1034-40AA-418A-82F8-CFE1EF86846A}.Debug|Any CPU.ActiveCfg = Debug|Any CPU
		{FBBE1034-40AA-418A-82F8-CFE1EF86846A}.Debug|x64.ActiveCfg = Debug|Any CPU
		{FBBE1034-40AA-418A-82F8-CFE1EF86846A}.Debug|x64.Build.0 = Debug|Any CPU
		{FBBE1034-40AA-418A-82F8-CFE1EF86846A}.Debug|x86.ActiveCfg = Debug|Any CPU
		{FBBE1034-40AA-418A-82F8-CFE1EF86846A}.Debug|x86.Build.0 = Debug|Any CPU
		{FBBE1034-40AA-418A-82F8-CFE1EF86846A}.Release|Any CPU.ActiveCfg = Release|Any CPU
		{FBBE1034-40AA-418A-82F8-CFE1EF86846A}.Release|x64.ActiveCfg = Release|Any CPU
		{FBBE1034-40AA-418A-82F8-CFE1EF86846A}.Release|x64.Build.0 = Release|Any CPU
		{FBBE1034-40AA-418A-82F8-CFE1EF86846A}.Release|x86.ActiveCfg = Release|Any CPU
		{FBBE1034-40AA-418A-82F8-CFE1EF86846A}.Release|x86.Build.0 = Release|Any CPU
		{22FCD4A7-053E-4FFB-AB33-4CA9A93903EE}.Debug|Any CPU.ActiveCfg = Debug|Any CPU
		{22FCD4A7-053E-4FFB-AB33-4CA9A93903EE}.Debug|Any CPU.Build.0 = Debug|Any CPU
		{22FCD4A7-053E-4FFB-AB33-4CA9A93903EE}.Debug|x64.ActiveCfg = Debug|Any CPU
		{22FCD4A7-053E-4FFB-AB33-4CA9A93903EE}.Debug|x64.Build.0 = Debug|Any CPU
		{22FCD4A7-053E-4FFB-AB33-4CA9A93903EE}.Debug|x86.ActiveCfg = Debug|Any CPU
		{22FCD4A7-053E-4FFB-AB33-4CA9A93903EE}.Debug|x86.Build.0 = Debug|Any CPU
		{22FCD4A7-053E-4FFB-AB33-4CA9A93903EE}.Release|Any CPU.ActiveCfg = Release|Any CPU
		{22FCD4A7-053E-4FFB-AB33-4CA9A93903EE}.Release|Any CPU.Build.0 = Release|Any CPU
		{22FCD4A7-053E-4FFB-AB33-4CA9A93903EE}.Release|x64.ActiveCfg = Release|Any CPU
		{22FCD4A7-053E-4FFB-AB33-4CA9A93903EE}.Release|x64.Build.0 = Release|Any CPU
		{22FCD4A7-053E-4FFB-AB33-4CA9A93903EE}.Release|x86.ActiveCfg = Release|Any CPU
		{22FCD4A7-053E-4FFB-AB33-4CA9A93903EE}.Release|x86.Build.0 = Release|Any CPU
		{22661B55-AD41-4232-8EE7-485CAE0F4F3D}.Debug|Any CPU.ActiveCfg = Debug|Any CPU
		{22661B55-AD41-4232-8EE7-485CAE0F4F3D}.Debug|Any CPU.Build.0 = Debug|Any CPU
		{22661B55-AD41-4232-8EE7-485CAE0F4F3D}.Debug|x64.ActiveCfg = Debug|Any CPU
		{22661B55-AD41-4232-8EE7-485CAE0F4F3D}.Debug|x64.Build.0 = Debug|Any CPU
		{22661B55-AD41-4232-8EE7-485CAE0F4F3D}.Debug|x86.ActiveCfg = Debug|Any CPU
		{22661B55-AD41-4232-8EE7-485CAE0F4F3D}.Debug|x86.Build.0 = Debug|Any CPU
		{22661B55-AD41-4232-8EE7-485CAE0F4F3D}.Release|Any CPU.ActiveCfg = Release|Any CPU
		{22661B55-AD41-4232-8EE7-485CAE0F4F3D}.Release|Any CPU.Build.0 = Release|Any CPU
		{22661B55-AD41-4232-8EE7-485CAE0F4F3D}.Release|x64.ActiveCfg = Release|Any CPU
		{22661B55-AD41-4232-8EE7-485CAE0F4F3D}.Release|x64.Build.0 = Release|Any CPU
		{22661B55-AD41-4232-8EE7-485CAE0F4F3D}.Release|x86.ActiveCfg = Release|Any CPU
		{22661B55-AD41-4232-8EE7-485CAE0F4F3D}.Release|x86.Build.0 = Release|Any CPU
		{03285108-4BF0-40E8-8F85-7D783F6E6FA1}.Debug|Any CPU.ActiveCfg = Debug|Any CPU
		{03285108-4BF0-40E8-8F85-7D783F6E6FA1}.Debug|Any CPU.Build.0 = Debug|Any CPU
		{03285108-4BF0-40E8-8F85-7D783F6E6FA1}.Debug|x64.ActiveCfg = Debug|x64
		{03285108-4BF0-40E8-8F85-7D783F6E6FA1}.Debug|x64.Build.0 = Debug|x64
		{03285108-4BF0-40E8-8F85-7D783F6E6FA1}.Debug|x86.ActiveCfg = Debug|Any CPU
		{03285108-4BF0-40E8-8F85-7D783F6E6FA1}.Debug|x86.Build.0 = Debug|Any CPU
		{03285108-4BF0-40E8-8F85-7D783F6E6FA1}.Release|Any CPU.ActiveCfg = Release|Any CPU
		{03285108-4BF0-40E8-8F85-7D783F6E6FA1}.Release|Any CPU.Build.0 = Release|Any CPU
		{03285108-4BF0-40E8-8F85-7D783F6E6FA1}.Release|x64.ActiveCfg = Release|Any CPU
		{03285108-4BF0-40E8-8F85-7D783F6E6FA1}.Release|x64.Build.0 = Release|Any CPU
		{03285108-4BF0-40E8-8F85-7D783F6E6FA1}.Release|x86.ActiveCfg = Release|Any CPU
		{03285108-4BF0-40E8-8F85-7D783F6E6FA1}.Release|x86.Build.0 = Release|Any CPU
		{AF3004B1-F680-43DA-95CC-27C959A720D9}.Debug|Any CPU.ActiveCfg = Debug|Any CPU
		{AF3004B1-F680-43DA-95CC-27C959A720D9}.Debug|Any CPU.Build.0 = Debug|Any CPU
		{AF3004B1-F680-43DA-95CC-27C959A720D9}.Debug|x64.ActiveCfg = Debug|x64
		{AF3004B1-F680-43DA-95CC-27C959A720D9}.Debug|x64.Build.0 = Debug|x64
		{AF3004B1-F680-43DA-95CC-27C959A720D9}.Debug|x86.ActiveCfg = Debug|Any CPU
		{AF3004B1-F680-43DA-95CC-27C959A720D9}.Debug|x86.Build.0 = Debug|Any CPU
		{AF3004B1-F680-43DA-95CC-27C959A720D9}.Release|Any CPU.ActiveCfg = Release|Any CPU
		{AF3004B1-F680-43DA-95CC-27C959A720D9}.Release|Any CPU.Build.0 = Release|Any CPU
		{AF3004B1-F680-43DA-95CC-27C959A720D9}.Release|x64.ActiveCfg = Release|Any CPU
		{AF3004B1-F680-43DA-95CC-27C959A720D9}.Release|x64.Build.0 = Release|Any CPU
		{AF3004B1-F680-43DA-95CC-27C959A720D9}.Release|x86.ActiveCfg = Release|Any CPU
		{AF3004B1-F680-43DA-95CC-27C959A720D9}.Release|x86.Build.0 = Release|Any CPU
		{76878187-75D6-45C6-872D-DC19917E3D61}.Debug|Any CPU.ActiveCfg = Debug|Any CPU
		{76878187-75D6-45C6-872D-DC19917E3D61}.Debug|Any CPU.Build.0 = Debug|Any CPU
		{76878187-75D6-45C6-872D-DC19917E3D61}.Debug|x64.ActiveCfg = Debug|Any CPU
		{76878187-75D6-45C6-872D-DC19917E3D61}.Debug|x64.Build.0 = Debug|Any CPU
		{76878187-75D6-45C6-872D-DC19917E3D61}.Debug|x86.ActiveCfg = Debug|Any CPU
		{76878187-75D6-45C6-872D-DC19917E3D61}.Debug|x86.Build.0 = Debug|Any CPU
		{76878187-75D6-45C6-872D-DC19917E3D61}.Release|Any CPU.ActiveCfg = Release|Any CPU
		{76878187-75D6-45C6-872D-DC19917E3D61}.Release|Any CPU.Build.0 = Release|Any CPU
		{76878187-75D6-45C6-872D-DC19917E3D61}.Release|x64.ActiveCfg = Release|Any CPU
		{76878187-75D6-45C6-872D-DC19917E3D61}.Release|x64.Build.0 = Release|Any CPU
		{76878187-75D6-45C6-872D-DC19917E3D61}.Release|x86.ActiveCfg = Release|Any CPU
		{76878187-75D6-45C6-872D-DC19917E3D61}.Release|x86.Build.0 = Release|Any CPU
		{85971D45-4FAF-4DBD-AD3E-D73E79262011}.Debug|Any CPU.ActiveCfg = Debug|Any CPU
		{85971D45-4FAF-4DBD-AD3E-D73E79262011}.Debug|Any CPU.Build.0 = Debug|Any CPU
		{85971D45-4FAF-4DBD-AD3E-D73E79262011}.Debug|x64.ActiveCfg = Debug|Any CPU
		{85971D45-4FAF-4DBD-AD3E-D73E79262011}.Debug|x64.Build.0 = Debug|Any CPU
		{85971D45-4FAF-4DBD-AD3E-D73E79262011}.Debug|x86.ActiveCfg = Debug|Any CPU
		{85971D45-4FAF-4DBD-AD3E-D73E79262011}.Debug|x86.Build.0 = Debug|Any CPU
		{85971D45-4FAF-4DBD-AD3E-D73E79262011}.Release|Any CPU.ActiveCfg = Release|Any CPU
		{85971D45-4FAF-4DBD-AD3E-D73E79262011}.Release|Any CPU.Build.0 = Release|Any CPU
		{85971D45-4FAF-4DBD-AD3E-D73E79262011}.Release|x64.ActiveCfg = Release|Any CPU
		{85971D45-4FAF-4DBD-AD3E-D73E79262011}.Release|x64.Build.0 = Release|Any CPU
		{85971D45-4FAF-4DBD-AD3E-D73E79262011}.Release|x86.ActiveCfg = Release|Any CPU
		{85971D45-4FAF-4DBD-AD3E-D73E79262011}.Release|x86.Build.0 = Release|Any CPU
	EndGlobalSection
	GlobalSection(SolutionProperties) = preSolution
		HideSolutionNode = FALSE
	EndGlobalSection
	GlobalSection(NestedProjects) = preSolution
		{763F8B72-B80A-4C16-805B-80B2B2B557D4} = {71EE532A-AAAB-43D8-8768-EEAE80294C6B}
		{28682FE4-EC72-42A3-BB2C-27D19F55E14F} = {8E7F3A9A-3F6D-46FE-B513-32499ECC2013}
		{95C796FD-57F1-4D2E-927F-4E34EA75E319} = {8E7F3A9A-3F6D-46FE-B513-32499ECC2013}
		{E58B3BAA-0F89-4E6D-B34E-4607DFA8F805} = {8E7F3A9A-3F6D-46FE-B513-32499ECC2013}
		{6E3193B7-7316-415A-B529-0F743D5F267B} = {8E7F3A9A-3F6D-46FE-B513-32499ECC2013}
		{DC2D804C-7F51-40F6-8751-E3D7416508FF} = {8B90DC05-45A6-42C8-8F0D-C0CF4433C10F}
		{FFAF44CB-A10B-470D-915F-D3315E438D5B} = {8B90DC05-45A6-42C8-8F0D-C0CF4433C10F}
		{BEEA3C0E-16E9-4714-BAC2-84430B7F1E94} = {8B90DC05-45A6-42C8-8F0D-C0CF4433C10F}
		{64F16A97-5640-487E-9079-A2F438DB5B0A} = {8B90DC05-45A6-42C8-8F0D-C0CF4433C10F}
		{68F2D8A3-05A8-4AAA-A9E2-00071188595B} = {DC2D804C-7F51-40F6-8751-E3D7416508FF}
		{E65AA84E-A943-4197-8D2B-631A7CD8565E} = {FFAF44CB-A10B-470D-915F-D3315E438D5B}
		{D13C3F48-EA76-4AF7-9519-BAE2E64ABD3F} = {BEEA3C0E-16E9-4714-BAC2-84430B7F1E94}
		{6D3ACD13-E792-4B42-9D90-FFCD27FF9E4B} = {BEEA3C0E-16E9-4714-BAC2-84430B7F1E94}
		{A6CC8605-4108-43ED-987A-DBA25059805B} = {6D3ACD13-E792-4B42-9D90-FFCD27FF9E4B}
		{8FCDB07B-6F81-4C8C-85F9-1BBBBB73C744} = {6D3ACD13-E792-4B42-9D90-FFCD27FF9E4B}
		{CC75B75F-FDED-448F-8AC4-AC5E1E520CC7} = {6D3ACD13-E792-4B42-9D90-FFCD27FF9E4B}
		{766CDC1D-BAA1-4E74-B91B-BCCBEC083219} = {6D3ACD13-E792-4B42-9D90-FFCD27FF9E4B}
		{9EB7A2CF-AE03-47EE-B850-88A0FCCDD0BD} = {BEEA3C0E-16E9-4714-BAC2-84430B7F1E94}
		{5F90F3E6-3733-4C74-9D6F-A262A3398AF5} = {BEEA3C0E-16E9-4714-BAC2-84430B7F1E94}
		{90F36552-0B97-41CB-8D2B-BA66225DC3CB} = {BEEA3C0E-16E9-4714-BAC2-84430B7F1E94}
		{9E9B358E-6067-41B9-B986-E58E09210FC5} = {BEEA3C0E-16E9-4714-BAC2-84430B7F1E94}
		{4DB2D5F7-3A3F-4F95-9BF6-434F3D8298B3} = {BEEA3C0E-16E9-4714-BAC2-84430B7F1E94}
		{78424848-06CB-4D68-81D2-6338F56AACAD} = {64F16A97-5640-487E-9079-A2F438DB5B0A}
		{A6AC1722-6E18-4D53-8F34-19D32D93854D} = {64F16A97-5640-487E-9079-A2F438DB5B0A}
		{79255AB4-48AA-4E0C-830A-551D505D19FF} = {64F16A97-5640-487E-9079-A2F438DB5B0A}
		{AAB977C9-C35A-48F9-98EA-70DFB266DED0} = {64F16A97-5640-487E-9079-A2F438DB5B0A}
		{4EAFDBB2-A575-4C73-9135-A4A226752425} = {64F16A97-5640-487E-9079-A2F438DB5B0A}
		{2B69DAFE-7751-4878-94B5-CCBBB9A9C45F} = {64F16A97-5640-487E-9079-A2F438DB5B0A}
		{06BEE158-2632-46B1-8FE1-FB9A938C3A67} = {8B90DC05-45A6-42C8-8F0D-C0CF4433C10F}
		{B493DEEF-EA5C-4EFC-BF5E-DF8EFB0FE77C} = {06BEE158-2632-46B1-8FE1-FB9A938C3A67}
		{F23E0222-6776-4D9B-904C-2771986A1825} = {06BEE158-2632-46B1-8FE1-FB9A938C3A67}
		{40B32285-E235-4DA6-B810-B388F6B79CD8} = {D69DACFD-97D4-43B4-A04E-E91B1B3249C5}
		{3782972E-78FA-4989-845D-120B6382E7DE} = {D69DACFD-97D4-43B4-A04E-E91B1B3249C5}
		{590EAA8B-7E87-4169-BF0B-93EFE198C66A} = {D69DACFD-97D4-43B4-A04E-E91B1B3249C5}
		{C4C4FC67-5D56-4426-ACC5-B53CD24C6B69} = {40B32285-E235-4DA6-B810-B388F6B79CD8}
		{4AFFF74B-66B7-4934-8E37-3D65B38A1B39} = {3782972E-78FA-4989-845D-120B6382E7DE}
		{9D2B3936-A461-4B11-AB1B-FAFD1AEAB5DC} = {590EAA8B-7E87-4169-BF0B-93EFE198C66A}
		{416D29C5-4AD0-4DA7-97A6-CE2FF601941F} = {D69DACFD-97D4-43B4-A04E-E91B1B3249C5}
		{E280C623-F0DD-47A8-AC87-80A0B5BBAFDB} = {416D29C5-4AD0-4DA7-97A6-CE2FF601941F}
		{3048CC82-28C9-4833-8D71-EA86FEA3FB20} = {416D29C5-4AD0-4DA7-97A6-CE2FF601941F}
		{FBBE1034-40AA-418A-82F8-CFE1EF86846A} = {71EE532A-AAAB-43D8-8768-EEAE80294C6B}
		{22FCD4A7-053E-4FFB-AB33-4CA9A93903EE} = {416D29C5-4AD0-4DA7-97A6-CE2FF601941F}
		{22661B55-AD41-4232-8EE7-485CAE0F4F3D} = {BEEA3C0E-16E9-4714-BAC2-84430B7F1E94}
		{03285108-4BF0-40E8-8F85-7D783F6E6FA1} = {BEEA3C0E-16E9-4714-BAC2-84430B7F1E94}
		{AF3004B1-F680-43DA-95CC-27C959A720D9} = {06BEE158-2632-46B1-8FE1-FB9A938C3A67}
		{76878187-75D6-45C6-872D-DC19917E3D61} = {416D29C5-4AD0-4DA7-97A6-CE2FF601941F}
		{85971D45-4FAF-4DBD-AD3E-D73E79262011} = {FFAF44CB-A10B-470D-915F-D3315E438D5B}
	EndGlobalSection
	GlobalSection(ExtensibilityGlobals) = postSolution
		SolutionGuid = {3A587B29-35A1-47EC-AA7B-9EC40EA8AE9A}
	EndGlobalSection
	GlobalSection(TeamFoundationVersionControl) = preSolution
		SccNumberOfProjects = 38
		SccEnterpriseProvider = {4CA58AB2-18FA-4F8D-95D4-32DDF27D184C}
		SccTeamFoundationServer = http://192.168.0.16:8080/tfs/xlyteamprojects
		SccLocalPath0 = .
		SccProjectUniqueName1 = XLY.SF.Shell.csproj
		SccProjectTopLevelParentUniqueName1 = XLY.SF.Shell.sln
		SccLocalPath1 = .
		SccProjectUniqueName2 = ..\\..\\01.Framework\\XLY.SF.Framework.Core.Base\\XLY.SF.Framework.Core.Base.csproj
		SccProjectTopLevelParentUniqueName2 = XLY.SF.Shell.sln
		SccProjectName2 = ../../01.Framework/XLY.SF.Framework.Core.Base
		SccLocalPath2 = ..\\..\\01.Framework\\XLY.SF.Framework.Core.Base
		SccProjectUniqueName3 = ..\\..\\01.Framework\\XLY.SF.Framework.Language\\XLY.SF.Framework.Language.csproj
		SccProjectTopLevelParentUniqueName3 = XLY.SF.Shell.sln
		SccProjectName3 = ../../01.Framework/XLY.SF.Framework.Language
		SccLocalPath3 = ..\\..\\01.Framework\\XLY.SF.Framework.Language
		SccProjectUniqueName4 = ..\\..\\01.Framework\\XLY.SF.Framework.BaseUtility\\XLY.SF.Framework.BaseUtility.csproj
		SccProjectTopLevelParentUniqueName4 = XLY.SF.Shell.sln
		SccProjectName4 = ../../01.Framework/XLY.SF.Framework.BaseUtility
		SccLocalPath4 = ..\\..\\01.Framework\\XLY.SF.Framework.BaseUtility
		SccProjectUniqueName5 = ..\\..\\01.Framework\\XLY.SF.Framework.Log4NetService\\XLY.SF.Framework.Log4NetService.csproj
		SccProjectTopLevelParentUniqueName5 = XLY.SF.Shell.sln
		SccProjectName5 = ../../01.Framework/XLY.SF.Framework.Log4NetService
		SccLocalPath5 = ..\\..\\01.Framework\\XLY.SF.Framework.Log4NetService
		SccProjectUniqueName6 = ..\\..\\11.Service\\11.Domains\\XLY.SF.Project.Domains\\XLY.SF.Project.Domains.csproj
		SccProjectTopLevelParentUniqueName6 = XLY.SF.Shell.sln
		SccProjectName6 = ../../11.Service/11.Domains/XLY.SF.Project.Domains
		SccLocalPath6 = ..\\..\\11.Service\\11.Domains\\XLY.SF.Project.Domains
		SccProjectUniqueName7 = ..\\..\\11.Service\\12.Persistable\\XLY.SF.Project.Persistable\\XLY.SF.Project.Persistable.csproj
		SccProjectTopLevelParentUniqueName7 = XLY.SF.Shell.sln
		SccProjectName7 = ../../11.Service/12.Persistable/XLY.SF.Project.Persistable
		SccLocalPath7 = ..\\..\\11.Service\\12.Persistable\\XLY.SF.Project.Persistable
		SccProjectUniqueName8 = ..\\..\\11.Service\\13.Core\\XLY.SF.Project.Services\\XLY.SF.Project.Services.csproj
		SccProjectTopLevelParentUniqueName8 = XLY.SF.Shell.sln
		SccProjectName8 = ../../11.Service/13.Core/XLY.SF.Project.Services
		SccLocalPath8 = ..\\..\\11.Service\\13.Core\\XLY.SF.Project.Services
		SccProjectUniqueName9 = ..\\..\\11.Service\\13.Core\\DllService\\DllClient\\DllClient.csproj
		SccProjectTopLevelParentUniqueName9 = XLY.SF.Shell.sln
		SccProjectName9 = ../../11.Service/13.Core/DllService/DllClient
		SccLocalPath9 = ..\\..\\11.Service\\13.Core\\DllService\\DllClient
		SccProjectUniqueName10 = ..\\..\\11.Service\\13.Core\\DllService\\DllServerHost\\DllServerHost.csproj
		SccProjectTopLevelParentUniqueName10 = XLY.SF.Shell.sln
		SccProjectName10 = ../../11.Service/13.Core/DllService/DllServerHost
		SccLocalPath10 = ..\\..\\11.Service\\13.Core\\DllService\\DllServerHost
		SccProjectUniqueName11 = ..\\..\\11.Service\\13.Core\\DllService\\X64DllService\\X64Service\\X64Service.csproj
		SccProjectTopLevelParentUniqueName11 = XLY.SF.Shell.sln
		SccProjectName11 = ../../11.Service/13.Core/DllService/X64DllService/X64Service
		SccLocalPath11 = ..\\..\\11.Service\\13.Core\\DllService\\X64DllService\\X64Service
		SccProjectUniqueName12 = ..\\..\\11.Service\\13.Core\\DllService\\X86DllServer\\X86DllServer.csproj
		SccProjectTopLevelParentUniqueName12 = XLY.SF.Shell.sln
		SccProjectName12 = ../../11.Service/13.Core/DllService/X86DllServer
		SccLocalPath12 = ..\\..\\11.Service\\13.Core\\DllService\\X86DllServer
		SccProjectUniqueName13 = ..\\..\\11.Service\\13.Core\\XLY.SF.Project.Devices\\XLY.SF.Project.Devices.csproj
		SccProjectTopLevelParentUniqueName13 = XLY.SF.Shell.sln
		SccProjectName13 = ../../11.Service/13.Core/XLY.SF.Project.Devices
		SccLocalPath13 = ..\\..\\11.Service\\13.Core\\XLY.SF.Project.Devices
		SccProjectUniqueName14 = ..\\..\\11.Service\\13.Core\\XLY.SF.Project.DataView\\XLY.SF.Project.DataView.csproj
		SccProjectTopLevelParentUniqueName14 = XLY.SF.Shell.sln
		SccProjectName14 = ../../11.Service/13.Core/XLY.SF.Project.DataView
		SccLocalPath14 = ..\\..\\11.Service\\13.Core\\XLY.SF.Project.DataView
		SccProjectUniqueName15 = ..\\..\\11.Service\\13.Core\\XLY.SF.Project.DataPump\\XLY.SF.Project.DataPump.csproj
		SccProjectTopLevelParentUniqueName15 = XLY.SF.Shell.sln
		SccProjectName15 = ../../11.Service/13.Core/XLY.SF.Project.DataPump
		SccLocalPath15 = ..\\..\\11.Service\\13.Core\\XLY.SF.Project.DataPump
		SccProjectUniqueName16 = ..\\..\\11.Service\\13.Core\\XLY.SF.Project.DataMirror\\XLY.SF.Project.DataMirror.csproj
		SccProjectTopLevelParentUniqueName16 = XLY.SF.Shell.sln
		SccProjectName16 = ../../11.Service/13.Core/XLY.SF.Project.DataMirror
		SccLocalPath16 = ..\\..\\11.Service\\13.Core\\XLY.SF.Project.DataMirror
		SccProjectUniqueName17 = ..\\..\\11.Service\\13.Core\\XLY.SF.Project.DataExtract\\XLY.SF.Project.DataExtract.csproj
		SccProjectTopLevelParentUniqueName17 = XLY.SF.Shell.sln
		SccProjectName17 = ../../11.Service/13.Core/XLY.SF.Project.DataExtract
		SccLocalPath17 = ..\\..\\11.Service\\13.Core\\XLY.SF.Project.DataExtract
		SccProjectUniqueName18 = ..\\..\\11.Service\\14.Plugin\\XLY.SF.Project.Plugin.Adapter\\XLY.SF.Project.Plugin.Adapter.csproj
		SccProjectTopLevelParentUniqueName18 = XLY.SF.Shell.sln
		SccProjectName18 = ../../11.Service/14.Plugin/XLY.SF.Project.Plugin.Adapter
		SccLocalPath18 = ..\\..\\11.Service\\14.Plugin\\XLY.SF.Project.Plugin.Adapter
		SccProjectUniqueName19 = ..\\..\\11.Service\\14.Plugin\\XLY.SF.Project.Plugin.Android\\XLY.SF.Project.Plugin.Android.csproj
		SccProjectTopLevelParentUniqueName19 = XLY.SF.Shell.sln
		SccProjectName19 = ../../11.Service/14.Plugin/XLY.SF.Project.Plugin.Android
		SccLocalPath19 = ..\\..\\11.Service\\14.Plugin\\XLY.SF.Project.Plugin.Android
		SccProjectUniqueName20 = ..\\..\\11.Service\\14.Plugin\\XLY.SF.Project.Plugin.BlackBerry\\XLY.SF.Project.Plugin.BlackBerry.csproj
		SccProjectTopLevelParentUniqueName20 = XLY.SF.Shell.sln
		SccProjectName20 = ../../11.Service/14.Plugin/XLY.SF.Project.Plugin.BlackBerry
		SccLocalPath20 = ..\\..\\11.Service\\14.Plugin\\XLY.SF.Project.Plugin.BlackBerry
		SccProjectUniqueName21 = ..\\..\\11.Service\\14.Plugin\\XLY.SF.Project.Plugin.Cottage\\XLY.SF.Project.Plugin.Cottage.csproj
		SccProjectTopLevelParentUniqueName21 = XLY.SF.Shell.sln
		SccProjectName21 = ../../11.Service/14.Plugin/XLY.SF.Project.Plugin.Cottage
		SccLocalPath21 = ..\\..\\11.Service\\14.Plugin\\XLY.SF.Project.Plugin.Cottage
		SccProjectUniqueName22 = ..\\..\\11.Service\\14.Plugin\\XLY.SF.Project.Plugin.IOS\\XLY.SF.Project.Plugin.IOS.csproj
		SccProjectTopLevelParentUniqueName22 = XLY.SF.Shell.sln
		SccProjectName22 = ../../11.Service/14.Plugin/XLY.SF.Project.Plugin.IOS
		SccLocalPath22 = ..\\..\\11.Service\\14.Plugin\\XLY.SF.Project.Plugin.IOS
		SccProjectUniqueName23 = ..\\..\\11.Service\\14.Plugin\\XLY.SF.Project.ScriptEngine\\XLY.SF.Project.ScriptEngine.csproj
		SccProjectTopLevelParentUniqueName23 = XLY.SF.Shell.sln
		SccProjectName23 = ../../11.Service/14.Plugin/XLY.SF.Project.ScriptEngine
		SccLocalPath23 = ..\\..\\11.Service\\14.Plugin\\XLY.SF.Project.ScriptEngine
		SccProjectUniqueName24 = ..\\..\\11.Service\\18.Test\\07.XLY.SF.Project.TestModuls\\XLY.SF.Project.TestModuls.csproj
		SccProjectTopLevelParentUniqueName24 = XLY.SF.Shell.sln
		SccProjectName24 = ../../11.Service/18.Test/07.XLY.SF.Project.TestModuls
		SccLocalPath24 = ..\\..\\11.Service\\18.Test\\07.XLY.SF.Project.TestModuls
		SccProjectUniqueName25 = ..\\..\\11.Service\\18.Test\\08.XLY.SF.Project.TestApp\\XLY.SF.Project.TestApp.csproj
		SccProjectTopLevelParentUniqueName25 = XLY.SF.Shell.sln
		SccProjectName25 = ../../11.Service/18.Test/08.XLY.SF.Project.TestApp
		SccLocalPath25 = ..\\..\\11.Service\\18.Test\\08.XLY.SF.Project.TestApp
		SccProjectUniqueName26 = ..\\..\\21.Presentation\\Theme\\XLY.SF.Project.Themes\\XLY.SF.Project.Themes.csproj
		SccProjectTopLevelParentUniqueName26 = XLY.SF.Shell.sln
		SccProjectName26 = ../../21.Presentation/Theme/XLY.SF.Project.Themes
		SccLocalPath26 = ..\\..\\21.Presentation\\Theme\\XLY.SF.Project.Themes
		SccProjectUniqueName27 = ..\\..\\21.Presentation\\View\\XLY.SF.Project.Views\\XLY.SF.Project.Views.csproj
		SccProjectTopLevelParentUniqueName27 = XLY.SF.Shell.sln
		SccProjectName27 = ../../21.Presentation/View/XLY.SF.Project.Views
		SccLocalPath27 = ..\\..\\21.Presentation\\View\\XLY.SF.Project.Views
		SccProjectUniqueName28 = ..\\..\\21.Presentation\\ViewModel\\XLY.SF.Project.ViewModels\\XLY.SF.Project.ViewModels.csproj
		SccProjectTopLevelParentUniqueName28 = XLY.SF.Shell.sln
		SccProjectName28 = ../../21.Presentation/ViewModel/XLY.SF.Project.ViewModels
		SccLocalPath28 = ..\\..\\21.Presentation\\ViewModel\\XLY.SF.Project.ViewModels
		SccProjectUniqueName29 = ..\\..\\21.Presentation\\ProjectContext\\XLY.SF.Project.ViewDomain\\XLY.SF.Project.ViewDomain.csproj
		SccProjectTopLevelParentUniqueName29 = XLY.SF.Shell.sln
		SccProjectName29 = ../../21.Presentation/ProjectContext/XLY.SF.Project.ViewDomain
		SccLocalPath29 = ..\\..\\21.Presentation\\ProjectContext\\XLY.SF.Project.ViewDomain
		SccProjectUniqueName30 = ..\\..\\21.Presentation\\ProjectContext\\ProjectExtend\\XLY.SF.Project.Extension.csproj
		SccProjectTopLevelParentUniqueName30 = XLY.SF.Shell.sln
		SccProjectName30 = ../../21.Presentation/ProjectContext/ProjectExtend
		SccLocalPath30 = ..\\..\\21.Presentation\\ProjectContext\\ProjectExtend
		SccProjectUniqueName31 = ..\\XLY.SF.Test\\XLY.SF.ConsoleTest\\XLY.SF.ConsoleTest.csproj
		SccProjectTopLevelParentUniqueName31 = XLY.SF.Shell.sln
		SccProjectName31 = ../XLY.SF.Test/XLY.SF.ConsoleTest
		SccLocalPath31 = ..\\XLY.SF.Test\\XLY.SF.ConsoleTest
		SccProjectUniqueName32 = ..\\..\\21.Presentation\\ProjectContext\\XLY.SF.Project.Proxy\\XLY.SF.Project.ProxyService\\XLY.SF.Project.ProxyService.csproj
		SccProjectTopLevelParentUniqueName32 = XLY.SF.Shell.sln
		SccProjectName32 = ../../21.Presentation/ProjectContext/XLY.SF.Project.Proxy/XLY.SF.Project.ProxyService
		SccLocalPath32 = ..\\..\\21.Presentation\\ProjectContext\\XLY.SF.Project.Proxy\\XLY.SF.Project.ProxyService
		SccProjectUniqueName33 = ..\\..\\11.Service\\13.Core\\XLY.SF.Project.DataFilter\\XLY.SF.Project.DataFilter.csproj
		SccProjectTopLevelParentUniqueName33 = XLY.SF.Shell.sln
		SccProjectName33 = ../../11.Service/13.Core/XLY.SF.Project.DataFilter
		SccLocalPath33 = ..\\..\\11.Service\\13.Core\\XLY.SF.Project.DataFilter
		SccProjectUniqueName34 = ..\\..\\11.Service\\13.Core\\XLY.SF.Project.DataReport\\XLY.SF.Project.DataReport.csproj
		SccProjectTopLevelParentUniqueName34 = XLY.SF.Shell.sln
		SccProjectName34 = ../../11.Service/13.Core/XLY.SF.Project.DataReport
		SccLocalPath34 = ..\\..\\11.Service\\13.Core\\XLY.SF.Project.DataReport
		SccProjectUniqueName35 = ..\\..\\11.Service\\18.Test\\XLY.SF.UnitTest\\XLY.SF.UnitTest.csproj
		SccProjectTopLevelParentUniqueName35 = XLY.SF.Shell.sln
		SccProjectName35 = ../../11.Service/18.Test/XLY.SF.UnitTest
		SccLocalPath35 = ..\\..\\11.Service\\18.Test\\XLY.SF.UnitTest
		SccProjectUniqueName36 = ..\\..\\21.Presentation\\ProjectContext\\XLY.SF.Project.CaseManagement\\XLY.SF.Project.CaseManagement.csproj
		SccProjectTopLevelParentUniqueName36 = XLY.SF.Shell.sln
		SccProjectName36 = ../../21.Presentation/ProjectContext/XLY.SF.Project.CaseManagement
		SccLocalPath36 = ..\\..\\21.Presentation\\ProjectContext\\XLY.SF.Project.CaseManagement
		SccProjectUniqueName37 = ..\\..\\11.Service\\12.Persistable\\XLY.SF.Project.Models\\XLY.SF.Project.Models.csproj
		SccProjectTopLevelParentUniqueName37 = XLY.SF.Shell.sln
		SccProjectName37 = ../../11.Service/12.Persistable/XLY.SF.Project.Models
		SccLocalPath37 = ..\\..\\11.Service\\12.Persistable\\XLY.SF.Project.Models
	EndGlobalSection
EndGlobal
